
Microsoft Visual Studio Solution File, Format Version 12.00
# Visual Studio Version 16
VisualStudioVersion = 16.0.29709.97
MinimumVisualStudioVersion = 10.0.40219.1
Project("{FAE04EC0-301F-11D3-BF4B-00C04F79EFBC}") = "WindowsFolderIconMaker", "WindowsFolderIconMaker\WindowsFolderIconMaker.csproj", "{4556CDDC-47DF-481A-BAF5-58C0986BB587}"
EndProject
Global
	GlobalSection(SolutionConfigurationPlatforms) = preSolution
		Debug|Any CPU = Debug|Any CPU
		Release|Any CPU = Release|Any CPU
	EndGlobalSection
	GlobalSection(ProjectConfigurationPlatforms) = postSolution
		{4556CDDC-47DF-481A-BAF5-58C0986BB587}.Debug|Any CPU.ActiveCfg = Debug|Any CPU
		{4556CDDC-47DF-481A-BAF5-58C0986BB587}.Debug|Any CPU.Build.0 = Debug|Any CPU
		{4556CDDC-47DF-481A-BAF5-58C0986BB587}.Release|Any CPU.ActiveCfg = Release|Any CPU
		{4556CDDC-47DF-481A-BAF5-58C0986BB587}.Release|Any CPU.Build.0 = Release|Any CPU
	EndGlobalSection
	GlobalSection(SolutionProperties) = preSolution
		HideSolutionNode = FALSE
	EndGlobalSection
	GlobalSection(ExtensibilityGlobals) = postSolution
		SolutionGuid = {45E6168C-B200-4870-86B4-82F539A47E4C}
	EndGlobalSection
EndGlobal
